
Microsoft Visual Studio Solution File, Format Version 12.00
# Visual Studio 15
VisualStudioVersion = 15.0.28010.2046
MinimumVisualStudioVersion = 10.0.40219.1
Project("{FAE04EC0-301F-11D3-BF4B-00C04F79EFBC}") = "NetCoreSample", "NetCoreSample\NetCoreSample.csproj", "{0DC72918-6DF4-46C4-B85D-A431744D353E}"
EndProject
Project("{FAE04EC0-301F-11D3-BF4B-00C04F79EFBC}") = "LqmcDal", "LqmcDal\LqmcDal.csproj", "{E6DB1FE6-17FF-4BED-9A2B-572A37B2CB73}"
EndProject
Project("{FAE04EC0-301F-11D3-BF4B-00C04F79EFBC}") = "ContosoUniversity", "ContosoUniversity\ContosoUniversity.csproj", "{19723FDB-B5D7-4CD6-8F2B-68D4E49BA2E8}"
EndProject
Global
	GlobalSection(SolutionConfigurationPlatforms) = preSolution
		Debug|Any CPU = Debug|Any CPU
		Release|Any CPU = Release|Any CPU
	EndGlobalSection
	GlobalSection(ProjectConfigurationPlatforms) = postSolution
		{0DC72918-6DF4-46C4-B85D-A431744D353E}.Debug|Any CPU.ActiveCfg = Debug|Any CPU
		{0DC72918-6DF4-46C4-B85D-A431744D353E}.Debug|Any CPU.Build.0 = Debug|Any CPU
		{0DC72918-6DF4-46C4-B85D-A431744D353E}.Release|Any CPU.ActiveCfg = Release|Any CPU
		{0DC72918-6DF4-46C4-B85D-A431744D353E}.Release|Any CPU.Build.0 = Release|Any CPU
		{E6DB1FE6-17FF-4BED-9A2B-572A37B2CB73}.Debug|Any CPU.ActiveCfg = Debug|Any CPU
		{E6DB1FE6-17FF-4BED-9A2B-572A37B2CB73}.Debug|Any CPU.Build.0 = Debug|Any CPU
		{E6DB1FE6-17FF-4BED-9A2B-572A37B2CB73}.Release|Any CPU.ActiveCfg = Release|Any CPU
		{E6DB1FE6-17FF-4BED-9A2B-572A37B2CB73}.Release|Any CPU.Build.0 = Release|Any CPU
		{19723FDB-B5D7-4CD6-8F2B-68D4E49BA2E8}.Debug|Any CPU.ActiveCfg = Debug|Any CPU
		{19723FDB-B5D7-4CD6-8F2B-68D4E49BA2E8}.Debug|Any CPU.Build.0 = Debug|Any CPU
		{19723FDB-B5D7-4CD6-8F2B-68D4E49BA2E8}.Release|Any CPU.ActiveCfg = Release|Any CPU
		{19723FDB-B5D7-4CD6-8F2B-68D4E49BA2E8}.Release|Any CPU.Build.0 = Release|Any CPU
	EndGlobalSection
	GlobalSection(SolutionProperties) = preSolution
		HideSolutionNode = FALSE
	EndGlobalSection
	GlobalSection(ExtensibilityGlobals) = postSolution
		SolutionGuid = {DDF19AAC-021A-418E-8221-7BD0828DA097}
	EndGlobalSection
EndGlobal
